github.com/vrianta/gonfig v0.0.0-20260703215428-3204eb22ab74 h1:DuOd0h4gAlsExWg6F1dwUseP1x1TZTnR5ML/+Gg7zwM=
github.com/vrianta/gonfig v0.0.0-20260703215428-3204eb22ab74/go.mod h1:WSltFTrctfaTAPBj/nJt9EFcwS83eS2w1SVrefHyE60=
github.com/vrianta/gulog v1.0.1 h1:59JIwV397orHfsP+/FIQTtJZW7EyHlpMEpkufWzO1pI=
github.com/vrianta/gulog v1.0.1/go.mod h1:4P9KGMqZI9K38BkwEpQtgRlQJhmdhuOyv3rZH5nmK1s=
